// !$*UTF8*$!
{
	archiveVersion = 1;
	classes = {
	};
	objectVersion = 50;
	objects = {

/* Begin PBXBuildFile section */
		4CE5803D5F4D9684B9E82995 /* Pods_gRPC_Server_SampleTests.framework in Frameworks */ = {isa = PBXBuildFile; fileRef = 85508B314C577D28D67615E7 /* Pods_gRPC_Server_SampleTests.framework */; };
		7140DFC8209E989F00FF08BB /* AppDelegate.swift in Sources */ = {isa = PBXBuildFile; fileRef = 7140DFC7209E989F00FF08BB /* AppDelegate.swift */; };
		7140DFCA209E989F00FF08BB /* ViewController.swift in Sources */ = {isa = PBXBuildFile; fileRef = 7140DFC9209E989F00FF08BB /* ViewController.swift */; };
		7140DFCC209E98A000FF08BB /* Assets.xcassets in Resources */ = {isa = PBXBuildFile; fileRef = 7140DFCB209E98A000FF08BB /* Assets.xcassets */; };
		7140DFCF209E98A000FF08BB /* Main.storyboard in Resources */ = {isa = PBXBuildFile; fileRef = 7140DFCD209E98A000FF08BB /* Main.storyboard */; };
		7140DFDB209E98A000FF08BB /* gRPC_Server_SampleTests.swift in Sources */ = {isa = PBXBuildFile; fileRef = 7140DFDA209E98A000FF08BB /* gRPC_Server_SampleTests.swift */; };
		7140DFF3209E9E7D00FF08BB /* GreeterProvider.swift in Sources */ = {isa = PBXBuildFile; fileRef = 7140DFF2209E9E7D00FF08BB /* GreeterProvider.swift */; };
		71DB745820B46F6D0000C69A /* helloworld.pb.swift in Sources */ = {isa = PBXBuildFile; fileRef = 71DB745620B46F6D0000C69A /* helloworld.pb.swift */; };
		71DB745920B46F6D0000C69A /* helloworld.grpc.swift in Sources */ = {isa = PBXBuildFile; fileRef = 71DB745720B46F6D0000C69A /* helloworld.grpc.swift */; };
		AB6013272B8A891D5374CE76 /* Pods_gRPC_Server_Sample.framework in Frameworks */ = {isa = PBXBuildFile; fileRef = 2D268768644CA1CBC0A00D1B /* Pods_gRPC_Server_Sample.framework */; };
/* End PBXBuildFile section */

/* Begin PBXContainerItemProxy section */
		7140DFD7209E98A000FF08BB /* PBXContainerItemProxy */ = {
			isa = PBXContainerItemProxy;
			containerPortal = 7140DFBC209E989F00FF08BB /* Project object */;
			proxyType = 1;
			remoteGlobalIDString = 7140DFC3209E989F00FF08BB;
			remoteInfo = "gRPC-Server-Sample";
		};
/* End PBXContainerItemProxy section */

/* Begin PBXFileReference section */
		2D268768644CA1CBC0A00D1B /* Pods_gRPC_Server_Sample.framework */ = {isa = PBXFileReference; explicitFileType = wrapper.framework; includeInIndex = 0; path = Pods_gRPC_Server_Sample.framework; sourceTree = BUILT_PRODUCTS_DIR; };
		4E2BFFC436FA5D1F84ADE851 /* Pods-gRPC-Server-SampleTests.debug.xcconfig */ = {isa = PBXFileReference; includeInIndex = 1; lastKnownFileType = text.xcconfig; name = "Pods-gRPC-Server-SampleTests.debug.xcconfig"; path = "Pods/Target Support Files/Pods-gRPC-Server-SampleTests/Pods-gRPC-Server-SampleTests.debug.xcconfig"; sourceTree = "<group>"; };
		63B47DD66ABF14C94A4765FE /* Pods-gRPC-Server-SampleTests.release.xcconfig */ = {isa = PBXFileReference; includeInIndex = 1; lastKnownFileType = text.xcconfig; name = "Pods-gRPC-Server-SampleTests.release.xcconfig"; path = "Pods/Target Support Files/Pods-gRPC-Server-SampleTests/Pods-gRPC-Server-SampleTests.release.xcconfig"; sourceTree = "<group>"; };
		7140DFC4209E989F00FF08BB /* gRPC-Server-Sample.app */ = {isa = PBXFileReference; explicitFileType = wrapper.application; includeInIndex = 0; path = "gRPC-Server-Sample.app"; sourceTree = BUILT_PRODUCTS_DIR; };
		7140DFC7209E989F00FF08BB /* AppDelegate.swift */ = {isa = PBXFileReference; lastKnownFileType = sourcecode.swift; path = AppDelegate.swift; sourceTree = "<group>"; };
		7140DFC9209E989F00FF08BB /* ViewController.swift */ = {isa = PBXFileReference; lastKnownFileType = sourcecode.swift; path = ViewController.swift; sourceTree = "<group>"; };
		7140DFCB209E98A000FF08BB /* Assets.xcassets */ = {isa = PBXFileReference; lastKnownFileType = folder.assetcatalog; path = Assets.xcassets; sourceTree = "<group>"; };
		7140DFCE209E98A000FF08BB /* Base */ = {isa = PBXFileReference; lastKnownFileType = file.storyboard; name = Base; path = Base.lproj/Main.storyboard; sourceTree = "<group>"; };
		7140DFD0209E98A000FF08BB /* Info.plist */ = {isa = PBXFileReference; lastKnownFileType = text.plist.xml; path = Info.plist; sourceTree = "<group>"; };
		7140DFD1209E98A000FF08BB /* gRPC_Server_Sample.entitlements */ = {isa = PBXFileReference; lastKnownFileType = text.plist.entitlements; path = gRPC_Server_Sample.entitlements; sourceTree = "<group>"; };
		7140DFD6209E98A000FF08BB /* gRPC-Server-SampleTests.xctest */ = {isa = PBXFileReference; explicitFileType = wrapper.cfbundle; includeInIndex = 0; path = "gRPC-Server-SampleTests.xctest"; sourceTree = BUILT_PRODUCTS_DIR; };
		7140DFDA209E98A000FF08BB /* gRPC_Server_SampleTests.swift */ = {isa = PBXFileReference; lastKnownFileType = sourcecode.swift; path = gRPC_Server_SampleTests.swift; sourceTree = "<group>"; };
		7140DFDC209E98A000FF08BB /* Info.plist */ = {isa = PBXFileReference; lastKnownFileType = text.plist.xml; path = Info.plist; sourceTree = "<group>"; };
		7140DFF2209E9E7D00FF08BB /* GreeterProvider.swift */ = {isa = PBXFileReference; lastKnownFileType = sourcecode.swift; path = GreeterProvider.swift; sourceTree = "<group>"; };
		71DB745620B46F6D0000C69A /* helloworld.pb.swift */ = {isa = PBXFileReference; fileEncoding = 4; lastKnownFileType = sourcecode.swift; name = helloworld.pb.swift; path = ../../../GeneratedForServer/helloworld.pb.swift; sourceTree = "<group>"; };
		71DB745720B46F6D0000C69A /* helloworld.grpc.swift */ = {isa = PBXFileReference; fileEncoding = 4; lastKnownFileType = sourcecode.swift; name = helloworld.grpc.swift; path = ../../../GeneratedForServer/helloworld.grpc.swift; sourceTree = "<group>"; };
		85508B314C577D28D67615E7 /* Pods_gRPC_Server_SampleTests.framework */ = {isa = PBXFileReference; explicitFileType = wrapper.framework; includeInIndex = 0; path = Pods_gRPC_Server_SampleTests.framework; sourceTree = BUILT_PRODUCTS_DIR; };
		CBC42FDE5535580FB02A429A /* Pods-gRPC-Server-Sample.release.xcconfig */ = {isa = PBXFileReference; includeInIndex = 1; lastKnownFileType = text.xcconfig; name = "Pods-gRPC-Server-Sample.release.xcconfig"; path = "Pods/Target Support Files/Pods-gRPC-Server-Sample/Pods-gRPC-Server-Sample.release.xcconfig"; sourceTree = "<group>"; };
		D4E73FAF32864F2C89BEF6D9 /* Pods-gRPC-Server-Sample.debug.xcconfig */ = {isa = PBXFileReference; includeInIndex = 1; lastKnownFileType = text.xcconfig; name = "Pods-gRPC-Server-Sample.debug.xcconfig"; path = "Pods/Target Support Files/Pods-gRPC-Server-Sample/Pods-gRPC-Server-Sample.debug.xcconfig"; sourceTree = "<group>"; };
/* End PBXFileReference section */

/* Begin PBXFrameworksBuildPhase section */
		7140DFC1209E989F00FF08BB /* Frameworks */ = {
			isa = PBXFrameworksBuildPhase;
			buildActionMask = 2147483647;
			files = (
				AB6013272B8A891D5374CE76 /* Pods_gRPC_Server_Sample.framework in Frameworks */,
			);
			runOnlyForDeploymentPostprocessing = 0;
		};
		7140DFD3209E98A000FF08BB /* Frameworks */ = {
			isa = PBXFrameworksBuildPhase;
			buildActionMask = 2147483647;
			files = (
				4CE5803D5F4D9684B9E82995 /* Pods_gRPC_Server_SampleTests.framework in Frameworks */,
			);
			runOnlyForDeploymentPostprocessing = 0;
		};
/* End PBXFrameworksBuildPhase section */

/* Begin PBXGroup section */
		326012311D298CA0A00BA05D /* Frameworks */ = {
			isa = PBXGroup;
			children = (
				2D268768644CA1CBC0A00D1B /* Pods_gRPC_Server_Sample.framework */,
				85508B314C577D28D67615E7 /* Pods_gRPC_Server_SampleTests.framework */,
			);
			name = Frameworks;
			sourceTree = "<group>";
		};
		7140DFBB209E989F00FF08BB = {
			isa = PBXGroup;
			children = (
				7140DFC6209E989F00FF08BB /* gRPC-Server-Sample */,
				7140DFD9209E98A000FF08BB /* gRPC-Server-SampleTests */,
				7140DFC5209E989F00FF08BB /* Products */,
				7F4CBF8E68A5084E7E9ABD49 /* Pods */,
				326012311D298CA0A00BA05D /* Frameworks */,
			);
			sourceTree = "<group>";
		};
		7140DFC5209E989F00FF08BB /* Products */ = {
			isa = PBXGroup;
			children = (
				7140DFC4209E989F00FF08BB /* gRPC-Server-Sample.app */,
				7140DFD6209E98A000FF08BB /* gRPC-Server-SampleTests.xctest */,
			);
			name = Products;
			sourceTree = "<group>";
		};
		7140DFC6209E989F00FF08BB /* gRPC-Server-Sample */ = {
			isa = PBXGroup;
			children = (
				7140DFE5209E9ADA00FF08BB /* Generated */,
				7140DFC7209E989F00FF08BB /* AppDelegate.swift */,
				7140DFC9209E989F00FF08BB /* ViewController.swift */,
				7140DFF2209E9E7D00FF08BB /* GreeterProvider.swift */,
				7140DFCB209E98A000FF08BB /* Assets.xcassets */,
				7140DFCD209E98A000FF08BB /* Main.storyboard */,
				7140DFD0209E98A000FF08BB /* Info.plist */,
				7140DFD1209E98A000FF08BB /* gRPC_Server_Sample.entitlements */,
			);
			path = "gRPC-Server-Sample";
			sourceTree = "<group>";
		};
		7140DFD9209E98A000FF08BB /* gRPC-Server-SampleTests */ = {
			isa = PBXGroup;
			children = (
				7140DFDA209E98A000FF08BB /* gRPC_Server_SampleTests.swift */,
				7140DFDC209E98A000FF08BB /* Info.plist */,
			);
			path = "gRPC-Server-SampleTests";
			sourceTree = "<group>";
		};
		7140DFE5209E9ADA00FF08BB /* Generated */ = {
			isa = PBXGroup;
			children = (
				71DB745720B46F6D0000C69A /* helloworld.grpc.swift */,
				71DB745620B46F6D0000C69A /* helloworld.pb.swift */,
			);
			path = Generated;
			sourceTree = "<group>";
		};
		7F4CBF8E68A5084E7E9ABD49 /* Pods */ = {
			isa = PBXGroup;
			children = (
				D4E73FAF32864F2C89BEF6D9 /* Pods-gRPC-Server-Sample.debug.xcconfig */,
				CBC42FDE5535580FB02A429A /* Pods-gRPC-Server-Sample.release.xcconfig */,
				4E2BFFC436FA5D1F84ADE851 /* Pods-gRPC-Server-SampleTests.debug.xcconfig */,
				63B47DD66ABF14C94A4765FE /* Pods-gRPC-Server-SampleTests.release.xcconfig */,
			);
			name = Pods;
			sourceTree = "<group>";
		};
/* End PBXGroup section */

/* Begin PBXNativeTarget section */
		7140DFC3209E989F00FF08BB /* gRPC-Server-Sample */ = {
			isa = PBXNativeTarget;
			buildConfigurationList = 7140DFDF209E98A000FF08BB /* Build configuration list for PBXNativeTarget "gRPC-Server-Sample" */;
			buildPhases = (
				62A60BABA59EB3B77ADC487A /* [CP] Check Pods Manifest.lock */,
				7140DFC0209E989F00FF08BB /* Sources */,
				7140DFC1209E989F00FF08BB /* Frameworks */,
				7140DFC2209E989F00FF08BB /* Resources */,
				7D7DED3E137FC0B3B33BDE3F /* [CP] Embed Pods Frameworks */,
			);
			buildRules = (
			);
			dependencies = (
			);
			name = "gRPC-Server-Sample";
			productName = "gRPC-Server-Sample";
			productReference = 7140DFC4209E989F00FF08BB /* gRPC-Server-Sample.app */;
			productType = "com.apple.product-type.application";
		};
		7140DFD5209E98A000FF08BB /* gRPC-Server-SampleTests */ = {
			isa = PBXNativeTarget;
			buildConfigurationList = 7140DFE2209E98A000FF08BB /* Build configuration list for PBXNativeTarget "gRPC-Server-SampleTests" */;
			buildPhases = (
				830CB8CC47198CA616B7CD8D /* [CP] Check Pods Manifest.lock */,
				7140DFD2209E98A000FF08BB /* Sources */,
				7140DFD3209E98A000FF08BB /* Frameworks */,
				7140DFD4209E98A000FF08BB /* Resources */,
			);
			buildRules = (
			);
			dependencies = (
				7140DFD8209E98A000FF08BB /* PBXTargetDependency */,
			);
			name = "gRPC-Server-SampleTests";
			productName = "gRPC-Server-SampleTests";
			productReference = 7140DFD6209E98A000FF08BB /* gRPC-Server-SampleTests.xctest */;
			productType = "com.apple.product-type.bundle.unit-test";
		};
/* End PBXNativeTarget section */

/* Begin PBXProject section */
		7140DFBC209E989F00FF08BB /* Project object */ = {
			isa = PBXProject;
			attributes = {
				LastSwiftUpdateCheck = 0930;
				LastUpgradeCheck = 0930;
				ORGANIZATIONNAME = koichi.tanaka;
				TargetAttributes = {
					7140DFC3209E989F00FF08BB = {
						CreatedOnToolsVersion = 9.3;
					};
					7140DFD5209E98A000FF08BB = {
						CreatedOnToolsVersion = 9.3;
						TestTargetID = 7140DFC3209E989F00FF08BB;
					};
				};
			};
			buildConfigurationList = 7140DFBF209E989F00FF08BB /* Build configuration list for PBXProject "gRPC-Server-Sample" */;
			compatibilityVersion = "Xcode 9.3";
			developmentRegion = en;
			hasScannedForEncodings = 0;
			knownRegions = (
				en,
				Base,
			);
			mainGroup = 7140DFBB209E989F00FF08BB;
			productRefGroup = 7140DFC5209E989F00FF08BB /* Products */;
			projectDirPath = "";
			projectRoot = "";
			targets = (
				7140DFC3209E989F00FF08BB /* gRPC-Server-Sample */,
				7140DFD5209E98A000FF08BB /* gRPC-Server-SampleTests */,
			);
		};
/* End PBXProject section */

/* Begin PBXResourcesBuildPhase section */
		7140DFC2209E989F00FF08BB /* Resources */ = {
			isa = PBXResourcesBuildPhase;
			buildActionMask = 2147483647;
			files = (
				7140DFCC209E98A000FF08BB /* Assets.xcassets in Resources */,
				7140DFCF209E98A000FF08BB /* Main.storyboard in Resources */,
			);
			runOnlyForDeploymentPostprocessing = 0;
		};
		7140DFD4209E98A000FF08BB /* Resources */ = {
			isa = PBXResourcesBuildPhase;
			buildActionMask = 2147483647;
			files = (
			);
			runOnlyForDeploymentPostprocessing = 0;
		};
/* End PBXResourcesBuildPhase section */

/* Begin PBXShellScriptBuildPhase section */
		62A60BABA59EB3B77ADC487A /* [CP] Check Pods Manifest.lock */ = {
			isa = PBXShellScriptBuildPhase;
			buildActionMask = 2147483647;
			files = (
			);
			inputPaths = (
				"${PODS_PODFILE_DIR_PATH}/Podfile.lock",
				"${PODS_ROOT}/Manifest.lock",
			);
			name = "[CP] Check Pods Manifest.lock";
			outputPaths = (
				"$(DERIVED_FILE_DIR)/Pods-gRPC-Server-Sample-checkManifestLockResult.txt",
			);
			runOnlyForDeploymentPostprocessing = 0;
			shellPath = /bin/sh;
			shellScript = "diff \"${PODS_PODFILE_DIR_PATH}/Podfile.lock\" \"${PODS_ROOT}/Manifest.lock\" > /dev/null\nif [ $? != 0 ] ; then\n    # print error to STDERR\n    echo \"error: The sandbox is not in sync with the Podfile.lock. Run 'pod install' or update your CocoaPods installation.\" >&2\n    exit 1\nfi\n# This output is used by Xcode 'outputs' to avoid re-running this script phase.\necho \"SUCCESS\" > \"${SCRIPT_OUTPUT_FILE_0}\"\n";
			showEnvVarsInLog = 0;
		};
		7D7DED3E137FC0B3B33BDE3F /* [CP] Embed Pods Frameworks */ = {
			isa = PBXShellScriptBuildPhase;
			buildActionMask = 2147483647;
			files = (
			);
			inputPaths = (
				"${SRCROOT}/Pods/Target Support Files/Pods-gRPC-Server-Sample/Pods-gRPC-Server-Sample-frameworks.sh",
				"${BUILT_PRODUCTS_DIR}/BoringSSL/openssl.framework",
				"${BUILT_PRODUCTS_DIR}/SwiftGRPC/SwiftGRPC.framework",
				"${BUILT_PRODUCTS_DIR}/SwiftProtobuf/SwiftProtobuf.framework",
				"${BUILT_PRODUCTS_DIR}/gRPC-Core/grpc.framework",
				"${BUILT_PRODUCTS_DIR}/nanopb/nanopb.framework",
			);
			name = "[CP] Embed Pods Frameworks";
			outputPaths = (
				"${TARGET_BUILD_DIR}/${FRAMEWORKS_FOLDER_PATH}/openssl.framework",
				"${TARGET_BUILD_DIR}/${FRAMEWORKS_FOLDER_PATH}/SwiftGRPC.framework",
				"${TARGET_BUILD_DIR}/${FRAMEWORKS_FOLDER_PATH}/SwiftProtobuf.framework",
				"${TARGET_BUILD_DIR}/${FRAMEWORKS_FOLDER_PATH}/grpc.framework",
				"${TARGET_BUILD_DIR}/${FRAMEWORKS_FOLDER_PATH}/nanopb.framework",
			);
			runOnlyForDeploymentPostprocessing = 0;
			shellPath = /bin/sh;
			shellScript = "\"${SRCROOT}/Pods/Target Support Files/Pods-gRPC-Server-Sample/Pods-gRPC-Server-Sample-frameworks.sh\"\n";
			showEnvVarsInLog = 0;
		};
		830CB8CC47198CA616B7CD8D /* [CP] Check Pods Manifest.lock */ = {
			isa = PBXShellScriptBuildPhase;
			buildActionMask = 2147483647;
			files = (
			);
			inputPaths = (
				"${PODS_PODFILE_DIR_PATH}/Podfile.lock",
				"${PODS_ROOT}/Manifest.lock",
			);
			name = "[CP] Check Pods Manifest.lock";
			outputPaths = (
				"$(DERIVED_FILE_DIR)/Pods-gRPC-Server-SampleTests-checkManifestLockResult.txt",
			);
			runOnlyForDeploymentPostprocessing = 0;
			shellPath = /bin/sh;
			shellScript = "diff \"${PODS_PODFILE_DIR_PATH}/Podfile.lock\" \"${PODS_ROOT}/Manifest.lock\" > /dev/null\nif [ $? != 0 ] ; then\n    # print error to STDERR\n    echo \"error: The sandbox is not in sync with the Podfile.lock. Run 'pod install' or update your CocoaPods installation.\" >&2\n    exit 1\nfi\n# This output is used by Xcode 'outputs' to avoid re-running this script phase.\necho \"SUCCESS\" > \"${SCRIPT_OUTPUT_FILE_0}\"\n";
			showEnvVarsInLog = 0;
		};
/* End PBXShellScriptBuildPhase section */

/* Begin PBXSourcesBuildPhase section */
		7140DFC0209E989F00FF08BB /* Sources */ = {
			isa = PBXSourcesBuildPhase;
			buildActionMask = 2147483647;
			files = (
				7140DFF3209E9E7D00FF08BB /* GreeterProvider.swift in Sources */,
				7140DFCA209E989F00FF08BB /* ViewController.swift in Sources */,
				71DB745820B46F6D0000C69A /* helloworld.pb.swift in Sources */,
				71DB745920B46F6D0000C69A /* helloworld.grpc.swift in Sources */,
				7140DFC8209E989F00FF08BB /* AppDelegate.swift in Sources */,
			);
			runOnlyForDeploymentPostprocessing = 0;
		};
		7140DFD2209E98A000FF08BB /* Sources */ = {
			isa = PBXSourcesBuildPhase;
			buildActionMask = 2147483647;
			files = (
				7140DFDB209E98A000FF08BB /* gRPC_Server_SampleTests.swift in Sources */,
			);
			runOnlyForDeploymentPostprocessing = 0;
		};
/* End PBXSourcesBuildPhase section */

/* Begin PBXTargetDependency section */
		7140DFD8209E98A000FF08BB /* PBXTargetDependency */ = {
			isa = PBXTargetDependency;
			target = 7140DFC3209E989F00FF08BB /* gRPC-Server-Sample */;
			targetProxy = 7140DFD7209E98A000FF08BB /* PBXContainerItemProxy */;
		};
/* End PBXTargetDependency section */

/* Begin PBXVariantGroup section */
		7140DFCD209E98A000FF08BB /* Main.storyboard */ = {
			isa = PBXVariantGroup;
			children = (
				7140DFCE209E98A000FF08BB /* Base */,
			);
			name = Main.storyboard;
			sourceTree = "<group>";
		};
/* End PBXVariantGroup section */

/* Begin XCBuildConfiguration section */
		7140DFDD209E98A000FF08BB /* Debug */ = {
			isa = XCBuildConfiguration;
			buildSettings = {
				ALWAYS_SEARCH_USER_PATHS = NO;
				CLANG_ANALYZER_NONNULL = YES;
				CLANG_ANALYZER_NUMBER_OBJECT_CONVERSION = YES_AGGRESSIVE;
				CLANG_CXX_LANGUAGE_STANDARD = "gnu++14";
				CLANG_CXX_LIBRARY = "libc++";
				CLANG_ENABLE_MODULES = YES;
				CLANG_ENABLE_OBJC_ARC = YES;
				CLANG_ENABLE_OBJC_WEAK = YES;
				CLANG_WARN_BLOCK_CAPTURE_AUTORELEASING = YES;
				CLANG_WARN_BOOL_CONVERSION = YES;
				CLANG_WARN_COMMA = YES;
				CLANG_WARN_CONSTANT_CONVERSION = YES;
				CLANG_WARN_DEPRECATED_OBJC_IMPLEMENTATIONS = YES;
				CLANG_WARN_DIRECT_OBJC_ISA_USAGE = YES_ERROR;
				CLANG_WARN_DOCUMENTATION_COMMENTS = YES;
				CLANG_WARN_EMPTY_BODY = YES;
				CLANG_WARN_ENUM_CONVERSION = YES;
				CLANG_WARN_INFINITE_RECURSION = YES;
				CLANG_WARN_INT_CONVERSION = YES;
				CLANG_WARN_NON_LITERAL_NULL_CONVERSION = YES;
				CLANG_WARN_OBJC_IMPLICIT_RETAIN_SELF = YES;
				CLANG_WARN_OBJC_LITERAL_CONVERSION = YES;
				CLANG_WARN_OBJC_ROOT_CLASS = YES_ERROR;
				CLANG_WARN_RANGE_LOOP_ANALYSIS = YES;
				CLANG_WARN_STRICT_PROTOTYPES = YES;
				CLANG_WARN_SUSPICIOUS_MOVE = YES;
				CLANG_WARN_UNGUARDED_AVAILABILITY = YES_AGGRESSIVE;
				CLANG_WARN_UNREACHABLE_CODE = YES;
				CLANG_WARN__DUPLICATE_METHOD_MATCH = YES;
				CODE_SIGN_IDENTITY = "-";
				COPY_PHASE_STRIP = NO;
				DEBUG_INFORMATION_FORMAT = dwarf;
				ENABLE_STRICT_OBJC_MSGSEND = YES;
				ENABLE_TESTABILITY = YES;
				GCC_C_LANGUAGE_STANDARD = gnu11;
				GCC_DYNAMIC_NO_PIC = NO;
				GCC_NO_COMMON_BLOCKS = YES;
				GCC_OPTIMIZATION_LEVEL = 0;
				GCC_PREPROCESSOR_DEFINITIONS = (
					"DEBUG=1",
					"$(inherited)",
				);
				GCC_WARN_64_TO_32_BIT_CONVERSION = YES;
				GCC_WARN_ABOUT_RETURN_TYPE = YES_ERROR;
				GCC_WARN_UNDECLARED_SELECTOR = YES;
				GCC_WARN_UNINITIALIZED_AUTOS = YES_AGGRESSIVE;
				GCC_WARN_UNUSED_FUNCTION = YES;
				GCC_WARN_UNUSED_VARIABLE = YES;
				MACOSX_DEPLOYMENT_TARGET = 10.13;
				MTL_ENABLE_DEBUG_INFO = YES;
				ONLY_ACTIVE_ARCH = YES;
				SDKROOT = macosx;
				SWIFT_ACTIVE_COMPILATION_CONDITIONS = DEBUG;
				SWIFT_OPTIMIZATION_LEVEL = "-Onone";
			};
			name = Debug;
		};
		7140DFDE209E98A000FF08BB /* Release */ = {
			isa = XCBuildConfiguration;
			buildSettings = {
				ALWAYS_SEARCH_USER_PATHS = NO;
				CLANG_ANALYZER_NONNULL = YES;
				CLANG_ANALYZER_NUMBER_OBJECT_CONVERSION = YES_AGGRESSIVE;
				CLANG_CXX_LANGUAGE_STANDARD = "gnu++14";
				CLANG_CXX_LIBRARY = "libc++";
				CLANG_ENABLE_MODULES = YES;
				CLANG_ENABLE_OBJC_ARC = YES;
				CLANG_ENABLE_OBJC_WEAK = YES;
				CLANG_WARN_BLOCK_CAPTURE_AUTORELEASING = YES;
				CLANG_WARN_BOOL_CONVERSION = YES;
				CLANG_WARN_COMMA = YES;
				CLANG_WARN_CONSTANT_CONVERSION = YES;
				CLANG_WARN_DEPRECATED_OBJC_IMPLEMENTATIONS = YES;
				CLANG_WARN_DIRECT_OBJC_ISA_USAGE = YES_ERROR;
				CLANG_WARN_DOCUMENTATION_COMMENTS = YES;
				CLANG_WARN_EMPTY_BODY = YES;
				CLANG_WARN_ENUM_CONVERSION = YES;
				CLANG_WARN_INFINITE_RECURSION = YES;
				CLANG_WARN_INT_CONVERSION = YES;
				CLANG_WARN_NON_LITERAL_NULL_CONVERSION = YES;
				CLANG_WARN_OBJC_IMPLICIT_RETAIN_SELF = YES;
				CLANG_WARN_OBJC_LITERAL_CONVERSION = YES;
				CLANG_WARN_OBJC_ROOT_CLASS = YES_ERROR;
				CLANG_WARN_RANGE_LOOP_ANALYSIS = YES;
				CLANG_WARN_STRICT_PROTOTYPES = YES;
				CLANG_WARN_SUSPICIOUS_MOVE = YES;
				CLANG_WARN_UNGUARDED_AVAILABILITY = YES_AGGRESSIVE;
				CLANG_WARN_UNREACHABLE_CODE = YES;
				CLANG_WARN__DUPLICATE_METHOD_MATCH = YES;
				CODE_SIGN_IDENTITY = "-";
				COPY_PHASE_STRIP = NO;
				DEBUG_INFORMATION_FORMAT = "dwarf-with-dsym";
				ENABLE_NS_ASSERTIONS = NO;
				ENABLE_STRICT_OBJC_MSGSEND = YES;
				GCC_C_LANGUAGE_STANDARD = gnu11;
				GCC_NO_COMMON_BLOCKS = YES;
				GCC_WARN_64_TO_32_BIT_CONVERSION = YES;
				GCC_WARN_ABOUT_RETURN_TYPE = YES_ERROR;
				GCC_WARN_UNDECLARED_SELECTOR = YES;
				GCC_WARN_UNINITIALIZED_AUTOS = YES_AGGRESSIVE;
				GCC_WARN_UNUSED_FUNCTION = YES;
				GCC_WARN_UNUSED_VARIABLE = YES;
				MACOSX_DEPLOYMENT_TARGET = 10.13;
				MTL_ENABLE_DEBUG_INFO = NO;
				SDKROOT = macosx;
				SWIFT_COMPILATION_MODE = wholemodule;
				SWIFT_OPTIMIZATION_LEVEL = "-O";
			};
			name = Release;
		};
		7140DFE0209E98A000FF08BB /* Debug */ = {
			isa = XCBuildConfiguration;
			baseConfigurationReference = D4E73FAF32864F2C89BEF6D9 /* Pods-gRPC-Server-Sample.debug.xcconfig */;
			buildSettings = {
				ASSETCATALOG_COMPILER_APPICON_NAME = AppIcon;
				CODE_SIGN_ENTITLEMENTS = "gRPC-Server-Sample/gRPC_Server_Sample.entitlements";
				CODE_SIGN_STYLE = Automatic;
				COMBINE_HIDPI_IMAGES = YES;
				INFOPLIST_FILE = "gRPC-Server-Sample/Info.plist";
				LD_RUNPATH_SEARCH_PATHS = (
					"$(inherited)",
					"@executable_path/../Frameworks",
				);
				PRODUCT_BUNDLE_IDENTIFIER = "xxx.gRPC-Server-Sample";
				PRODUCT_NAME = "$(TARGET_NAME)";
				SWIFT_VERSION = 4.0;
			};
			name = Debug;
		};
		7140DFE1209E98A000FF08BB /* Release */ = {
			isa = XCBuildConfiguration;
			baseConfigurationReference = CBC42FDE5535580FB02A429A /* Pods-gRPC-Server-Sample.release.xcconfig */;
			buildSettings = {
				ASSETCATALOG_COMPILER_APPICON_NAME = AppIcon;
				CODE_SIGN_ENTITLEMENTS = "gRPC-Server-Sample/gRPC_Server_Sample.entitlements";
				CODE_SIGN_STYLE = Automatic;
				COMBINE_HIDPI_IMAGES = YES;
				INFOPLIST_FILE = "gRPC-Server-Sample/Info.plist";
				LD_RUNPATH_SEARCH_PATHS = (
					"$(inherited)",
					"@executable_path/../Frameworks",
				);
				PRODUCT_BUNDLE_IDENTIFIER = "xxx.gRPC-Server-Sample";
				PRODUCT_NAME = "$(TARGET_NAME)";
				SWIFT_VERSION = 4.0;
			};
			name = Release;
		};
		7140DFE3209E98A000FF08BB /* Debug */ = {
			isa = XCBuildConfiguration;
			baseConfigurationReference = 4E2BFFC436FA5D1F84ADE851 /* Pods-gRPC-Server-SampleTests.debug.xcconfig */;
			buildSettings = {
				ALWAYS_EMBED_SWIFT_STANDARD_LIBRARIES = YES;
				BUNDLE_LOADER = "$(TEST_HOST)";
				CODE_SIGN_STYLE = Automatic;
				COMBINE_HIDPI_IMAGES = YES;
				INFOPLIST_FILE = "gRPC-Server-SampleTests/Info.plist";
				LD_RUNPATH_SEARCH_PATHS = (
					"$(inherited)",
					"@executable_path/../Frameworks",
					"@loader_path/../Frameworks",
				);
				PRODUCT_BUNDLE_IDENTIFIER = "xxx.gRPC-Server-SampleTests";
				PRODUCT_NAME = "$(TARGET_NAME)";
				SWIFT_VERSION = 4.0;
				TEST_HOST = "$(BUILT_PRODUCTS_DIR)/gRPC-Server-Sample.app/Contents/MacOS/gRPC-Server-Sample";
			};
			name = Debug;
		};
		7140DFE4209E98A000FF08BB /* Release */ = {
			isa = XCBuildConfiguration;
			baseConfigurationReference = 63B47DD66ABF14C94A4765FE /* Pods-gRPC-Server-SampleTests.release.xcconfig */;
			buildSettings = {
				ALWAYS_EMBED_SWIFT_STANDARD_LIBRARIES = YES;
				BUNDLE_LOADER = "$(TEST_HOST)";
				CODE_SIGN_STYLE = Automatic;
				COMBINE_HIDPI_IMAGES = YES;
				INFOPLIST_FILE = "gRPC-Server-SampleTests/Info.plist";
				LD_RUNPATH_SEARCH_PATHS = (
					"$(inherited)",
					"@executable_path/../Frameworks",
					"@loader_path/../Frameworks",
				);
				PRODUCT_BUNDLE_IDENTIFIER = "xxx.gRPC-Server-SampleTests";
				PRODUCT_NAME = "$(TARGET_NAME)";
				SWIFT_VERSION = 4.0;
				TEST_HOST = "$(BUILT_PRODUCTS_DIR)/gRPC-Server-Sample.app/Contents/MacOS/gRPC-Server-Sample";
			};
			name = Release;
		};
/* End XCBuildConfiguration section */

/* Begin XCConfigurationList section */
		7140DFBF209E989F00FF08BB /* Build configuration list for PBXProject "gRPC-Server-Sample" */ = {
			isa = XCConfigurationList;
			buildConfigurations = (
				7140DFDD209E98A000FF08BB /* Debug */,
				7140DFDE209E98A000FF08BB /* Release */,
			);
			defaultConfigurationIsVisible = 0;
			defaultConfigurationName = Release;
		};
		7140DFDF209E98A000FF08BB /* Build configuration list for PBXNativeTarget "gRPC-Server-Sample" */ = {
			isa = XCConfigurationList;
			buildConfigurations = (
				7140DFE0209E98A000FF08BB /* Debug */,
				7140DFE1209E98A000FF08BB /* Release */,
			);
			defaultConfigurationIsVisible = 0;
			defaultConfigurationName = Release;
		};
		7140DFE2209E98A000FF08BB /* Build configuration list for PBXNativeTarget "gRPC-Server-SampleTests" */ = {
			isa = XCConfigurationList;
			buildConfigurations = (
				7140DFE3209E98A000FF08BB /* Debug */,
				7140DFE4209E98A000FF08BB /* Release */,
			);
			defaultConfigurationIsVisible = 0;
			defaultConfigurationName = Release;
		};
/* End XCConfigurationList section */
	};
	rootObject = 7140DFBC209E989F00FF08BB /* Project object */;
}
